# This file is automatically @generated by Cargo.
# It is not intended for manual editing.
version = 3

[[package]]
name = "ahash"
version = "0.7.6"
source = "registry+https://github.com/rust-lang/crates.io-index"
checksum = "fcb51a0695d8f838b1ee009b3fbf66bda078cd64590202a864a8f3e8c4315c47"
dependencies = [
 "getrandom",
 "once_cell",
 "version_check",
]

[[package]]
name = "aho-corasick"
version = "0.7.18"
source = "registry+https://github.com/rust-lang/crates.io-index"
checksum = "1e37cfd5e7657ada45f742d6e99ca5788580b5c529dc78faf11ece6dc702656f"
dependencies = [
 "memchr",
]

[[package]]
name = "anyhow"
version = "1.0.57"
source = "registry+https://github.com/rust-lang/crates.io-index"
checksum = "08f9b8508dccb7687a1d6c4ce66b2b0ecef467c94667de27d8d7fe1f8d2a9cdc"

[[package]]
name = "array-init-cursor"
version = "0.2.0"
source = "registry+https://github.com/rust-lang/crates.io-index"
checksum = "bf7d0a018de4f6aa429b9d33d69edf69072b1c5b1cb8d3e4a5f7ef898fc3eb76"

[[package]]
name = "arrow"
version = "16.0.0"
source = "registry+https://github.com/rust-lang/crates.io-index"
checksum = "1cdc4456252b8108b914f41450a754d23b8d21299322f24f81fc46a834fa0293"
dependencies = [
 "bitflags",
 "chrono",
 "csv",
 "flatbuffers",
 "half",
 "hex",
 "indexmap",
 "lazy_static",
 "lexical-core",
 "multiversion",
 "num",
 "rand",
 "regex",
 "serde",
 "serde_derive",
 "serde_json",
]

[[package]]
name = "arrow-format"
version = "0.4.0"
source = "registry+https://github.com/rust-lang/crates.io-index"
checksum = "2333f8ccf0d597ba779863c57a0b61f635721187fb2fdeabae92691d7d582fe5"
dependencies = [
 "planus",
 "serde",
]

[[package]]
name = "arrow2"
version = "0.11.1"
source = "registry+https://github.com/rust-lang/crates.io-index"
checksum = "35994323132313169feb0bfac20a5f30dedeaebf238d10589eb676fbed3be0f2"
dependencies = [
 "arrow-format",
 "bytemuck",
 "chrono",
 "csv-core",
 "either",
 "hash_hasher",
 "lexical-core",
 "multiversion",
 "num-traits",
 "simdutf8",
 "streaming-iterator",
 "strength_reduce",
]

[[package]]
name = "autocfg"
version = "1.1.0"
source = "registry+https://github.com/rust-lang/crates.io-index"
checksum = "d468802bab17cbc0cc575e9b053f41e72aa36bfa6b7f55e3529ffa43161b97fa"

[[package]]
name = "bitflags"
version = "1.3.2"
source = "registry+https://github.com/rust-lang/crates.io-index"
checksum = "bef38d45163c2f1dde094a7dfd33ccf595c92905c8f8f4fdc18d06fb1037718a"

[[package]]
name = "bstr"
version = "0.2.17"
source = "registry+https://github.com/rust-lang/crates.io-index"
checksum = "ba3569f383e8f1598449f1a423e72e99569137b47740b1da11ef19af3d5c3223"
dependencies = [
 "lazy_static",
 "memchr",
 "regex-automata",
 "serde",
]

[[package]]
name = "bytemuck"
version = "1.9.1"
source = "registry+https://github.com/rust-lang/crates.io-index"
checksum = "cdead85bdec19c194affaeeb670c0e41fe23de31459efd1c174d049269cf02cc"
dependencies = [
 "bytemuck_derive",
]

[[package]]
name = "bytemuck_derive"
version = "1.1.0"
source = "registry+https://github.com/rust-lang/crates.io-index"
checksum = "562e382481975bc61d11275ac5e62a19abd00b0547d99516a415336f183dcd0e"
dependencies = [
 "proc-macro2",
 "quote",
 "syn",
]

[[package]]
name = "cfg-if"
version = "1.0.0"
source = "registry+https://github.com/rust-lang/crates.io-index"
checksum = "baf1de4339761588bc0619e3cbc0120ee582ebb74b53b4efbf79117bd2da40fd"

[[package]]
name = "chrono"
version = "0.4.19"
source = "registry+https://github.com/rust-lang/crates.io-index"
checksum = "670ad68c9088c2a963aaa298cb369688cf3f9465ce5e2d4ca10e6e0098a1ce73"
dependencies = [
 "libc",
 "num-integer",
 "num-traits",
 "serde",
 "time",
 "winapi",
]

[[package]]
name = "comfy-table"
version = "5.0.1"
source = "registry+https://github.com/rust-lang/crates.io-index"
checksum = "b103d85ca6e209388771bfb7aa6b68a7aeec4afbf6f0a0264bfbf50360e5212e"
dependencies = [
 "crossterm",
 "strum",
 "strum_macros",
 "unicode-width",
]

[[package]]
name = "crossbeam-channel"
version = "0.5.4"
source = "registry+https://github.com/rust-lang/crates.io-index"
checksum = "5aaa7bd5fb665c6864b5f963dd9097905c54125909c7aa94c9e18507cdbe6c53"
dependencies = [
 "cfg-if",
 "crossbeam-utils",
]

[[package]]
name = "crossbeam-deque"
version = "0.8.1"
source = "registry+https://github.com/rust-lang/crates.io-index"
checksum = "6455c0ca19f0d2fbf751b908d5c55c1f5cbc65e03c4225427254b46890bdde1e"
dependencies = [
 "cfg-if",
 "crossbeam-epoch",
 "crossbeam-utils",
]

[[package]]
name = "crossbeam-epoch"
version = "0.9.8"
source = "registry+https://github.com/rust-lang/crates.io-index"
checksum = "1145cf131a2c6ba0615079ab6a638f7e1973ac9c2634fcbeaaad6114246efe8c"
dependencies = [
 "autocfg",
 "cfg-if",
 "crossbeam-utils",
 "lazy_static",
 "memoffset",
 "scopeguard",
]

[[package]]
name = "crossbeam-utils"
version = "0.8.8"
source = "registry+https://github.com/rust-lang/crates.io-index"
checksum = "0bf124c720b7686e3c2663cf54062ab0f68a88af2fb6a030e87e30bf721fcb38"
dependencies = [
 "cfg-if",
 "lazy_static",
]

[[package]]
name = "crossterm"
version = "0.23.2"
source = "registry+https://github.com/rust-lang/crates.io-index"
checksum = "a2102ea4f781910f8a5b98dd061f4c2023f479ce7bb1236330099ceb5a93cf17"
dependencies = [
 "bitflags",
 "crossterm_winapi",
 "libc",
 "mio",
 "parking_lot",
 "signal-hook",
 "signal-hook-mio",
 "winapi",
]

[[package]]
name = "crossterm_winapi"
version = "0.9.0"
source = "registry+https://github.com/rust-lang/crates.io-index"
checksum = "2ae1b35a484aa10e07fe0638d02301c5ad24de82d310ccbd2f3693da5f09bf1c"
dependencies = [
 "winapi",
]

[[package]]
name = "csv"
version = "1.1.6"
source = "registry+https://github.com/rust-lang/crates.io-index"
checksum = "22813a6dc45b335f9bade10bf7271dc477e81113e89eb251a0bc2a8a81c536e1"
dependencies = [
 "bstr",
 "csv-core",
 "itoa 0.4.8",
 "ryu",
 "serde",
]

[[package]]
name = "csv-core"
version = "0.1.10"
source = "registry+https://github.com/rust-lang/crates.io-index"
checksum = "2b2466559f260f48ad25fe6317b3c8dac77b5bdb5763ac7d9d6103530663bc90"
dependencies = [
 "memchr",
]

[[package]]
name = "dirs"
version = "4.0.0"
source = "registry+https://github.com/rust-lang/crates.io-index"
checksum = "ca3aa72a6f96ea37bbc5aa912f6788242832f75369bdfdadcb0e38423f100059"
dependencies = [
 "dirs-sys",
]

[[package]]
name = "dirs-sys"
version = "0.3.7"
source = "registry+https://github.com/rust-lang/crates.io-index"
checksum = "1b1d1d91c932ef41c0f2663aa8b0ca0342d444d842c06914aa0a7e352d0bada6"
dependencies = [
 "libc",
 "redox_users",
 "winapi",
]

[[package]]
name = "either"
version = "1.6.1"
source = "registry+https://github.com/rust-lang/crates.io-index"
checksum = "e78d4f1cc4ae33bbfc157ed5d5a5ef3bc29227303d595861deb238fcec4e9457"

[[package]]
name = "example"
version = "0.1.0"
dependencies = [
 "arrow",
 "chrono",
 "polars",
 "serde",
 "serde_arrow",
 "serde_json",
]

[[package]]
name = "flatbuffers"
version = "2.1.2"
source = "registry+https://github.com/rust-lang/crates.io-index"
checksum = "86b428b715fdbdd1c364b84573b5fdc0f84f8e423661b9f398735278bc7f2b6a"
dependencies = [
 "bitflags",
 "smallvec",
 "thiserror",
]

[[package]]
name = "getrandom"
version = "0.2.6"
source = "registry+https://github.com/rust-lang/crates.io-index"
checksum = "9be70c98951c83b8d2f8f60d7065fa6d5146873094452a1008da8c2f1e4205ad"
dependencies = [
 "cfg-if",
 "libc",
 "wasi 0.10.2+wasi-snapshot-preview1",
]

[[package]]
name = "glob"
version = "0.3.0"
source = "registry+https://github.com/rust-lang/crates.io-index"
checksum = "9b919933a397b79c37e33b77bb2aa3dc8eb6e165ad809e58ff75bc7db2e34574"

[[package]]
name = "half"
version = "1.8.2"
source = "registry+https://github.com/rust-lang/crates.io-index"
checksum = "eabb4a44450da02c90444cf74558da904edde8fb4e9035a9a6a4e15445af0bd7"

[[package]]
name = "hash_hasher"
version = "2.0.3"
source = "registry+https://github.com/rust-lang/crates.io-index"
checksum = "74721d007512d0cb3338cd20f0654ac913920061a4c4d0d8708edb3f2a698c0c"

[[package]]
name = "hashbrown"
version = "0.11.2"
source = "registry+https://github.com/rust-lang/crates.io-index"
checksum = "ab5ef0d4909ef3724cc8cce6ccc8572c5c817592e9285f5464f8e86f8bd3726e"

[[package]]
name = "hashbrown"
version = "0.12.0"
source = "registry+https://github.com/rust-lang/crates.io-index"
checksum = "8c21d40587b92fa6a6c6e3c1bdbf87d75511db5672f9c93175574b3a00df1758"
dependencies = [
 "ahash",
 "rayon",
]

[[package]]
name = "heck"
version = "0.3.3"
source = "registry+https://github.com/rust-lang/crates.io-index"
checksum = "6d621efb26863f0e9924c6ac577e8275e5e6b77455db64ffa6c65c904e9e132c"
dependencies = [
 "unicode-segmentation",
]

[[package]]
name = "hermit-abi"
version = "0.1.19"
source = "registry+https://github.com/rust-lang/crates.io-index"
checksum = "62b467343b94ba476dcb2500d242dadbb39557df889310ac77c5d99100aaac33"
dependencies = [
 "libc",
]

[[package]]
name = "hex"
version = "0.4.3"
source = "registry+https://github.com/rust-lang/crates.io-index"
checksum = "7f24254aa9a54b5c858eaee2f5bccdb46aaf0e486a595ed5fd8f86ba55232a70"

[[package]]
name = "indexmap"
version = "1.8.1"
source = "registry+https://github.com/rust-lang/crates.io-index"
checksum = "0f647032dfaa1f8b6dc29bd3edb7bbef4861b8b8007ebb118d6db284fd59f6ee"
dependencies = [
 "autocfg",
 "hashbrown 0.11.2",
]

[[package]]
name = "itoa"
version = "0.4.8"
source = "registry+https://github.com/rust-lang/crates.io-index"
checksum = "b71991ff56294aa922b450139ee08b3bfc70982c6b2c7562771375cf73542dd4"

[[package]]
name = "itoa"
version = "1.0.1"
source = "registry+https://github.com/rust-lang/crates.io-index"
checksum = "1aab8fc367588b89dcee83ab0fd66b72b50b72fa1904d7095045ace2b0c81c35"

[[package]]
name = "lazy_static"
version = "1.4.0"
source = "registry+https://github.com/rust-lang/crates.io-index"
checksum = "e2abad23fbc42b3700f2f279844dc832adb2b2eb069b2df918f455c4e18cc646"

[[package]]
name = "lexical"
version = "6.1.0"
source = "registry+https://github.com/rust-lang/crates.io-index"
checksum = "ccd3e434c16f0164124ade12dcdee324fcc3dafb1cad0c7f1d8c2451a1aa6886"
dependencies = [
 "lexical-core",
]

[[package]]
name = "lexical-core"
version = "0.8.3"
source = "registry+https://github.com/rust-lang/crates.io-index"
checksum = "92912c4af2e7d9075be3e5e3122c4d7263855fa6cce34fbece4dd08e5884624d"
dependencies = [
 "lexical-parse-float",
 "lexical-parse-integer",
 "lexical-util",
 "lexical-write-float",
 "lexical-write-integer",
]

[[package]]
name = "lexical-parse-float"
version = "0.8.3"
source = "registry+https://github.com/rust-lang/crates.io-index"
checksum = "f518eed87c3be6debe6d26b855c97358d8a11bf05acec137e5f53080f5ad2dd8"
dependencies = [
 "lexical-parse-integer",
 "lexical-util",
 "static_assertions",
]

[[package]]
name = "lexical-parse-integer"
version = "0.8.3"
source = "registry+https://github.com/rust-lang/crates.io-index"
checksum = "afc852ec67c6538bbb2b9911116a385b24510e879a69ab516e6a151b15a79168"
dependencies = [
 "lexical-util",
 "static_assertions",
]

[[package]]
name = "lexical-util"
version = "0.8.3"
source = "registry+https://github.com/rust-lang/crates.io-index"
checksum = "c72a9d52c5c4e62fa2cdc2cb6c694a39ae1382d9c2a17a466f18e272a0930eb1"
dependencies = [
 "static_assertions",
]

[[package]]
name = "lexical-write-float"
version = "0.8.4"
source = "registry+https://github.com/rust-lang/crates.io-index"
checksum = "8a89ec1d062e481210c309b672f73a0567b7855f21e7d2fae636df44d12e97f9"
dependencies = [
 "lexical-util",
 "lexical-write-integer",
 "static_assertions",
]

[[package]]
name = "lexical-write-integer"
version = "0.8.3"
source = "registry+https://github.com/rust-lang/crates.io-index"
checksum = "094060bd2a7c2ff3a16d5304a6ae82727cb3cc9d1c70f813cc73f744c319337e"
dependencies = [
 "lexical-util",
 "static_assertions",
]

[[package]]
name = "libc"
version = "0.2.125"
source = "registry+https://github.com/rust-lang/crates.io-index"
checksum = "5916d2ae698f6de9bfb891ad7a8d65c09d232dc58cc4ac433c7da3b2fd84bc2b"

[[package]]
name = "lock_api"
version = "0.4.7"
source = "registry+https://github.com/rust-lang/crates.io-index"
checksum = "327fa5b6a6940e4699ec49a9beae1ea4845c6bab9314e4f84ac68742139d8c53"
dependencies = [
 "autocfg",
 "scopeguard",
]

[[package]]
name = "log"
version = "0.4.16"
source = "registry+https://github.com/rust-lang/crates.io-index"
checksum = "6389c490849ff5bc16be905ae24bc913a9c8892e19b2341dbc175e14c341c2b8"
dependencies = [
 "cfg-if",
]

[[package]]
name = "memchr"
version = "2.5.0"
source = "registry+https://github.com/rust-lang/crates.io-index"
checksum = "2dffe52ecf27772e601905b7522cb4ef790d2cc203488bbd0e2fe85fcb74566d"

[[package]]
name = "memmap2"
version = "0.5.3"
source = "registry+https://github.com/rust-lang/crates.io-index"
checksum = "057a3db23999c867821a7a59feb06a578fcb03685e983dff90daf9e7d24ac08f"
dependencies = [
 "libc",
]

[[package]]
name = "memoffset"
version = "0.6.5"
source = "registry+https://github.com/rust-lang/crates.io-index"
checksum = "5aa361d4faea93603064a027415f07bd8e1d5c88c9fbf68bf56a285428fd79ce"
dependencies = [
 "autocfg",
]

[[package]]
name = "mio"
version = "0.8.2"
source = "registry+https://github.com/rust-lang/crates.io-index"
checksum = "52da4364ffb0e4fe33a9841a98a3f3014fb964045ce4f7a45a398243c8d6b0c9"
dependencies = [
 "libc",
 "log",
 "miow",
 "ntapi",
 "wasi 0.11.0+wasi-snapshot-preview1",
 "winapi",
]

[[package]]
name = "miow"
version = "0.3.7"
source = "registry+https://github.com/rust-lang/crates.io-index"
checksum = "b9f1c5b025cda876f66ef43a113f91ebc9f4ccef34843000e0adf6ebbab84e21"
dependencies = [
 "winapi",
]

[[package]]
name = "multiversion"
version = "0.6.1"
source = "registry+https://github.com/rust-lang/crates.io-index"
checksum = "025c962a3dd3cc5e0e520aa9c612201d127dcdf28616974961a649dca64f5373"
dependencies = [
 "multiversion-macros",
]

[[package]]
name = "multiversion-macros"
version = "0.6.1"
source = "registry+https://github.com/rust-lang/crates.io-index"
checksum = "a8a3e2bde382ebf960c1f3e79689fa5941625fe9bf694a1cb64af3e85faff3af"
dependencies = [
 "proc-macro2",
 "quote",
 "syn",
]

[[package]]
name = "ntapi"
version = "0.3.7"
source = "registry+https://github.com/rust-lang/crates.io-index"
checksum = "c28774a7fd2fbb4f0babd8237ce554b73af68021b5f695a3cebd6c59bac0980f"
dependencies = [
 "winapi",
]

[[package]]
name = "num"
version = "0.4.0"
source = "registry+https://github.com/rust-lang/crates.io-index"
checksum = "43db66d1170d347f9a065114077f7dccb00c1b9478c89384490a3425279a4606"
dependencies = [
 "num-bigint",
 "num-complex",
 "num-integer",
 "num-iter",
 "num-rational",
 "num-traits",
]

[[package]]
name = "num-bigint"
version = "0.4.3"
source = "registry+https://github.com/rust-lang/crates.io-index"
checksum = "f93ab6289c7b344a8a9f60f88d80aa20032336fe78da341afc91c8a2341fc75f"
dependencies = [
 "autocfg",
 "num-integer",
 "num-traits",
]

[[package]]
name = "num-complex"
version = "0.4.1"
source = "registry+https://github.com/rust-lang/crates.io-index"
checksum = "97fbc387afefefd5e9e39493299f3069e14a140dd34dc19b4c1c1a8fddb6a790"
dependencies = [
 "num-traits",
]

[[package]]
name = "num-integer"
version = "0.1.45"
source = "registry+https://github.com/rust-lang/crates.io-index"
checksum = "225d3389fb3509a24c93f5c29eb6bde2586b98d9f016636dff58d7c6f7569cd9"
dependencies = [
 "autocfg",
 "num-traits",
]

[[package]]
name = "num-iter"
version = "0.1.43"
source = "registry+https://github.com/rust-lang/crates.io-index"
checksum = "7d03e6c028c5dc5cac6e2dec0efda81fc887605bb3d884578bb6d6bf7514e252"
dependencies = [
 "autocfg",
 "num-integer",
 "num-traits",
]

[[package]]
name = "num-rational"
version = "0.4.0"
source = "registry+https://github.com/rust-lang/crates.io-index"
checksum = "d41702bd167c2df5520b384281bc111a4b5efcf7fbc4c9c222c815b07e0a6a6a"
dependencies = [
 "autocfg",
 "num-bigint",
 "num-integer",
 "num-traits",
]

[[package]]
name = "num-traits"
version = "0.2.14"
source = "registry+https://github.com/rust-lang/crates.io-index"
checksum = "9a64b1ec5cda2586e284722486d802acf1f7dbdc623e2bfc57e65ca1cd099290"
dependencies = [
 "autocfg",
]

[[package]]
name = "num_cpus"
version = "1.13.1"
source = "registry+https://github.com/rust-lang/crates.io-index"
checksum = "19e64526ebdee182341572e50e9ad03965aa510cd94427a4549448f285e957a1"
dependencies = [
 "hermit-abi",
 "libc",
]

[[package]]
name = "once_cell"
version = "1.10.0"
source = "registry+https://github.com/rust-lang/crates.io-index"
checksum = "87f3e037eac156d1775da914196f0f37741a274155e34a0b7e427c35d2a2ecb9"

[[package]]
name = "parking_lot"
version = "0.12.0"
source = "registry+https://github.com/rust-lang/crates.io-index"
checksum = "87f5ec2493a61ac0506c0f4199f99070cbe83857b0337006a30f3e6719b8ef58"
dependencies = [
 "lock_api",
 "parking_lot_core",
]

[[package]]
name = "parking_lot_core"
version = "0.9.3"
source = "registry+https://github.com/rust-lang/crates.io-index"
checksum = "09a279cbf25cb0757810394fbc1e359949b59e348145c643a939a525692e6929"
dependencies = [
 "cfg-if",
 "libc",
 "redox_syscall",
 "smallvec",
 "windows-sys",
]

[[package]]
name = "planus"
version = "0.2.0"
source = "registry+https://github.com/rust-lang/crates.io-index"
checksum = "bffebaf174d6cad46a5f0f1bb1c45c6eb509571688bcb18dfab217f3c9f9b151"
dependencies = [
 "array-init-cursor",
]

[[package]]
name = "polars"
version = "0.21.0"
source = "registry+https://github.com/rust-lang/crates.io-index"
checksum = "453390a0807a6598a52c3fe77681d44c4c310785fbf45b981a9ac623d150ec63"
dependencies = [
 "polars-core",
 "polars-io",
 "polars-lazy",
 "polars-ops",
 "polars-time",
]

[[package]]
name = "polars-arrow"
version = "0.21.0"
source = "registry+https://github.com/rust-lang/crates.io-index"
checksum = "cd9c126b3d781782cfb1e55a9bd04a35c2475aaf9ee87b4d17a7112d54fe8eee"
dependencies = [
 "arrow2",
 "hashbrown 0.12.0",
 "num",
 "thiserror",
]

[[package]]
name = "polars-core"
version = "0.21.0"
source = "registry+https://github.com/rust-lang/crates.io-index"
checksum = "f9608bfca72d82e28e655b44f6bfb9dc7d8c862aeaaa4e1ec1bd0683bb1dde88"
dependencies = [
 "ahash",
 "anyhow",
 "arrow2",
 "chrono",
 "comfy-table",
 "hashbrown 0.12.0",
 "indexmap",
 "lazy_static",
 "num",
 "polars-arrow",
 "polars-utils",
 "rayon",
 "regex",
 "thiserror",
]

[[package]]
name = "polars-io"
version = "0.21.0"
source = "registry+https://github.com/rust-lang/crates.io-index"
checksum = "55fc7edff0501e6dfbd7c4f609d59fff73ef7d14ac770c1cc4d4f551dcc12598"
dependencies = [
 "ahash",
 "anyhow",
 "arrow2",
 "csv-core",
 "dirs",
 "lazy_static",
 "lexical",
 "memchr",
 "memmap2",
 "num",
 "polars-arrow",
 "polars-core",
 "polars-time",
 "polars-utils",
 "rayon",
 "regex",
 "simdutf8",
]

[[package]]
name = "polars-lazy"
version = "0.21.0"
source = "registry+https://github.com/rust-lang/crates.io-index"
checksum = "2a2b0bd3bf0670ceddb9521c994978fd27404d18d5236b74df417741ff6363f9"
dependencies = [
 "ahash",
 "glob",
 "parking_lot",
 "polars-arrow",
 "polars-core",
 "polars-io",
 "polars-time",
 "polars-utils",
 "rayon",
]

[[package]]
name = "polars-ops"
version = "0.21.0"
source = "registry+https://github.com/rust-lang/crates.io-index"
checksum = "a9579a3283899983501a1d1ce8c6cefd92660faa61ebb94015be1888fab56951"
dependencies = [
 "polars-core",
]

[[package]]
name = "polars-time"
version = "0.21.0"
source = "registry+https://github.com/rust-lang/crates.io-index"
checksum = "844065ad47e102fcc1e6fc4685b6142e473525965d5fcc9796380c6061f6e79b"
dependencies = [
 "chrono",
 "lexical",
 "polars-arrow",
 "polars-core",
]

[[package]]
name = "polars-utils"
version = "0.21.0"
source = "registry+https://github.com/rust-lang/crates.io-index"
checksum = "3d0400f8d27496b8e966d56f32eb4cb44ee4b2ab067170abd41d1d8edc7811fc"
dependencies = [
 "parking_lot",
 "rayon",
]

[[package]]
name = "ppv-lite86"
version = "0.2.16"
source = "registry+https://github.com/rust-lang/crates.io-index"
checksum = "eb9f9e6e233e5c4a35559a617bf40a4ec447db2e84c20b55a6f83167b7e57872"

[[package]]
name = "proc-macro2"
version = "1.0.37"
source = "registry+https://github.com/rust-lang/crates.io-index"
checksum = "ec757218438d5fda206afc041538b2f6d889286160d649a86a24d37e1235afd1"
dependencies = [
 "unicode-xid",
]

[[package]]
name = "quote"
version = "1.0.18"
source = "registry+https://github.com/rust-lang/crates.io-index"
checksum = "a1feb54ed693b93a84e14094943b84b7c4eae204c512b7ccb95ab0c66d278ad1"
dependencies = [
 "proc-macro2",
]

[[package]]
name = "rand"
version = "0.8.5"
source = "registry+https://github.com/rust-lang/crates.io-index"
checksum = "34af8d1a0e25924bc5b7c43c079c942339d8f0a8b57c39049bef581b46327404"
dependencies = [
 "libc",
 "rand_chacha",
 "rand_core",
]

[[package]]
name = "rand_chacha"
version = "0.3.1"
source = "registry+https://github.com/rust-lang/crates.io-index"
checksum = "e6c10a63a0fa32252be49d21e7709d4d4baf8d231c2dbce1eaa8141b9b127d88"
dependencies = [
 "ppv-lite86",
 "rand_core",
]

[[package]]
name = "rand_core"
version = "0.6.3"
source = "registry+https://github.com/rust-lang/crates.io-index"
checksum = "d34f1408f55294453790c48b2f1ebbb1c5b4b7563eb1f418bcfcfdbb06ebb4e7"
dependencies = [
 "getrandom",
]

[[package]]
name = "rayon"
version = "1.5.2"
source = "registry+https://github.com/rust-lang/crates.io-index"
checksum = "fd249e82c21598a9a426a4e00dd7adc1d640b22445ec8545feef801d1a74c221"
dependencies = [
 "autocfg",
 "crossbeam-deque",
 "either",
 "rayon-core",
]

[[package]]
name = "rayon-core"
version = "1.9.2"
source = "registry+https://github.com/rust-lang/crates.io-index"
checksum = "9f51245e1e62e1f1629cbfec37b5793bbabcaeb90f30e94d2ba03564687353e4"
dependencies = [
 "crossbeam-channel",
 "crossbeam-deque",
 "crossbeam-utils",
 "num_cpus",
]

[[package]]
name = "redox_syscall"
version = "0.2.13"
source = "registry+https://github.com/rust-lang/crates.io-index"
checksum = "62f25bc4c7e55e0b0b7a1d43fb893f4fa1361d0abe38b9ce4f323c2adfe6ef42"
dependencies = [
 "bitflags",
]

[[package]]
name = "redox_users"
version = "0.4.3"
source = "registry+https://github.com/rust-lang/crates.io-index"
checksum = "b033d837a7cf162d7993aded9304e30a83213c648b6e389db233191f891e5c2b"
dependencies = [
 "getrandom",
 "redox_syscall",
 "thiserror",
]

[[package]]
name = "regex"
version = "1.5.5"
source = "registry+https://github.com/rust-lang/crates.io-index"
checksum = "1a11647b6b25ff05a515cb92c365cec08801e83423a235b51e231e1808747286"
dependencies = [
 "aho-corasick",
 "memchr",
 "regex-syntax",
]

[[package]]
name = "regex-automata"
version = "0.1.10"
source = "registry+https://github.com/rust-lang/crates.io-index"
checksum = "6c230d73fb8d8c1b9c0b3135c5142a8acee3a0558fb8db5cf1cb65f8d7862132"

[[package]]
name = "regex-syntax"
version = "0.6.25"
source = "registry+https://github.com/rust-lang/crates.io-index"
checksum = "f497285884f3fcff424ffc933e56d7cbca511def0c9831a7f9b5f6153e3cc89b"

[[package]]
name = "rustversion"
version = "1.0.6"
source = "registry+https://github.com/rust-lang/crates.io-index"
checksum = "f2cc38e8fa666e2de3c4aba7edeb5ffc5246c1c2ed0e3d17e560aeeba736b23f"

[[package]]
name = "ryu"
version = "1.0.9"
source = "registry+https://github.com/rust-lang/crates.io-index"
checksum = "73b4b750c782965c211b42f022f59af1fbceabdd026623714f104152f1ec149f"

[[package]]
name = "scopeguard"
version = "1.1.0"
source = "registry+https://github.com/rust-lang/crates.io-index"
checksum = "d29ab0c6d3fc0ee92fe66e2d99f700eab17a8d57d1c1d3b748380fb20baa78cd"

[[package]]
name = "serde"
version = "1.0.137"
source = "registry+https://github.com/rust-lang/crates.io-index"
checksum = "61ea8d54c77f8315140a05f4c7237403bf38b72704d031543aa1d16abbf517d1"
dependencies = [
 "serde_derive",
]

[[package]]
name = "serde_arrow"
version = "0.5.0"
dependencies = [
 "arrow",
 "arrow2",
 "chrono",
 "serde",
]

[[package]]
name = "serde_derive"
version = "1.0.137"
source = "registry+https://github.com/rust-lang/crates.io-index"
checksum = "1f26faba0c3959972377d3b2d306ee9f71faee9714294e41bb777f83f88578be"
dependencies = [
 "proc-macro2",
 "quote",
 "syn",
]

[[package]]
name = "serde_json"
version = "1.0.80"
source = "registry+https://github.com/rust-lang/crates.io-index"
checksum = "f972498cf015f7c0746cac89ebe1d6ef10c293b94175a243a2d9442c163d9944"
dependencies = [
 "indexmap",
 "itoa 1.0.1",
 "ryu",
 "serde",
]

[[package]]
name = "signal-hook"
version = "0.3.13"
source = "registry+https://github.com/rust-lang/crates.io-index"
checksum = "647c97df271007dcea485bb74ffdb57f2e683f1306c854f468a0c244badabf2d"
dependencies = [
 "libc",
 "signal-hook-registry",
]

[[package]]
name = "signal-hook-mio"
version = "0.2.3"
source = "registry+https://github.com/rust-lang/crates.io-index"
checksum = "29ad2e15f37ec9a6cc544097b78a1ec90001e9f71b81338ca39f430adaca99af"
dependencies = [
 "libc",
 "mio",
 "signal-hook",
]

[[package]]
name = "signal-hook-registry"
version = "1.4.0"
source = "registry+https://github.com/rust-lang/crates.io-index"
checksum = "e51e73328dc4ac0c7ccbda3a494dfa03df1de2f46018127f60c693f2648455b0"
dependencies = [
 "libc",
]

[[package]]
name = "simdutf8"
version = "0.1.4"
source = "registry+https://github.com/rust-lang/crates.io-index"
checksum = "f27f6278552951f1f2b8cf9da965d10969b2efdea95a6ec47987ab46edfe263a"

[[package]]
name = "smallvec"
version = "1.8.0"
source = "registry+https://github.com/rust-lang/crates.io-index"
checksum = "f2dd574626839106c320a323308629dcb1acfc96e32a8cba364ddc61ac23ee83"

[[package]]
name = "static_assertions"
version = "1.1.0"
source = "registry+https://github.com/rust-lang/crates.io-index"
checksum = "a2eb9349b6444b326872e140eb1cf5e7c522154d69e7a0ffb0fb81c06b37543f"

[[package]]
name = "streaming-iterator"
version = "0.1.5"
source = "registry+https://github.com/rust-lang/crates.io-index"
checksum = "303235c177994a476226b80d076bd333b7b560fb05bd242a10609d11b07f81f5"

[[package]]
name = "strength_reduce"
version = "0.2.3"
source = "registry+https://github.com/rust-lang/crates.io-index"
checksum = "a3ff2f71c82567c565ba4b3009a9350a96a7269eaa4001ebedae926230bc2254"

[[package]]
name = "strum"
version = "0.23.0"
source = "registry+https://github.com/rust-lang/crates.io-index"
checksum = "cae14b91c7d11c9a851d3fbc80a963198998c2a64eec840477fa92d8ce9b70bb"

[[package]]
name = "strum_macros"
version = "0.23.1"
source = "registry+https://github.com/rust-lang/crates.io-index"
checksum = "5bb0dc7ee9c15cea6199cde9a127fa16a4c5819af85395457ad72d68edc85a38"
dependencies = [
 "heck",
 "proc-macro2",
 "quote",
 "rustversion",
 "syn",
]

[[package]]
name = "syn"
version = "1.0.92"
source = "registry+https://github.com/rust-lang/crates.io-index"
checksum = "7ff7c592601f11445996a06f8ad0c27f094a58857c2f89e97974ab9235b92c52"
dependencies = [
 "proc-macro2",
 "quote",
 "unicode-xid",
]

[[package]]
name = "thiserror"
version = "1.0.31"
source = "registry+https://github.com/rust-lang/crates.io-index"
checksum = "bd829fe32373d27f76265620b5309d0340cb8550f523c1dda251d6298069069a"
dependencies = [
 "thiserror-impl",
]

[[package]]
name = "thiserror-impl"
version = "1.0.31"
source = "registry+https://github.com/rust-lang/crates.io-index"
checksum = "0396bc89e626244658bef819e22d0cc459e795a5ebe878e6ec336d1674a8d79a"
dependencies = [
 "proc-macro2",
 "quote",
 "syn",
]

[[package]]
name = "time"
version = "0.1.43"
source = "registry+https://github.com/rust-lang/crates.io-index"
checksum = "ca8a50ef2360fbd1eeb0ecd46795a87a19024eb4b53c5dc916ca1fd95fe62438"
dependencies = [
 "libc",
 "winapi",
]

[[package]]
name = "unicode-segmentation"
version = "1.9.0"
source = "registry+https://github.com/rust-lang/crates.io-index"
checksum = "7e8820f5d777f6224dc4be3632222971ac30164d4a258d595640799554ebfd99"

[[package]]
name = "unicode-width"
version = "0.1.9"
source = "registry+https://github.com/rust-lang/crates.io-index"
checksum = "3ed742d4ea2bd1176e236172c8429aaf54486e7ac098db29ffe6529e0ce50973"

[[package]]
name = "unicode-xid"
version = "0.2.2"
source = "registry+https://github.com/rust-lang/crates.io-index"
checksum = "8ccb82d61f80a663efe1f787a51b16b5a51e3314d6ac365b08639f52387b33f3"

[[package]]
name = "version_check"
version = "0.9.4"
source = "registry+https://github.com/rust-lang/crates.io-index"
checksum = "49874b5167b65d7193b8aba1567f5c7d93d001cafc34600cee003eda787e483f"

[[package]]
name = "wasi"
version = "0.10.2+wasi-snapshot-preview1"
source = "registry+https://github.com/rust-lang/crates.io-index"
checksum = "fd6fbd9a79829dd1ad0cc20627bf1ed606756a7f77edff7b66b7064f9cb327c6"

[[package]]
name = "wasi"
version = "0.11.0+wasi-snapshot-preview1"
source = "registry+https://github.com/rust-lang/crates.io-index"
checksum = "9c8d87e72b64a3b4db28d11ce29237c246188f4f51057d65a7eab63b7987e423"

[[package]]
name = "winapi"
version = "0.3.9"
source = "registry+https://github.com/rust-lang/crates.io-index"
checksum = "5c839a674fcd7a98952e593242ea400abe93992746761e38641405d28b00f419"
dependencies = [
 "winapi-i686-pc-windows-gnu",
 "winapi-x86_64-pc-windows-gnu",
]

[[package]]
name = "winapi-i686-pc-windows-gnu"
version = "0.4.0"
source = "registry+https://github.com/rust-lang/crates.io-index"
checksum = "ac3b87c63620426dd9b991e5ce0329eff545bccbbb34f3be09ff6fb6ab51b7b6"

[[package]]
name = "winapi-x86_64-pc-windows-gnu"
version = "0.4.0"
source = "registry+https://github.com/rust-lang/crates.io-index"
checksum = "712e227841d057c1ee1cd2fb22fa7e5a5461ae8e48fa2ca79ec42cfc1931183f"

[[package]]
name = "windows-sys"
version = "0.36.1"
source = "registry+https://github.com/rust-lang/crates.io-index"
checksum = "ea04155a16a59f9eab786fe12a4a450e75cdb175f9e0d80da1e17db09f55b8d2"
dependencies = [
 "windows_aarch64_msvc",
 "windows_i686_gnu",
 "windows_i686_msvc",
 "windows_x86_64_gnu",
 "windows_x86_64_msvc",
]

[[package]]
name = "windows_aarch64_msvc"
version = "0.36.1"
source = "registry+https://github.com/rust-lang/crates.io-index"
checksum = "9bb8c3fd39ade2d67e9874ac4f3db21f0d710bee00fe7cab16949ec184eeaa47"

[[package]]
name = "windows_i686_gnu"
version = "0.36.1"
source = "registry+https://github.com/rust-lang/crates.io-index"
checksum = "180e6ccf01daf4c426b846dfc66db1fc518f074baa793aa7d9b9aaeffad6a3b6"

[[package]]
name = "windows_i686_msvc"
version = "0.36.1"
source = "registry+https://github.com/rust-lang/crates.io-index"
checksum = "e2e7917148b2812d1eeafaeb22a97e4813dfa60a3f8f78ebe204bcc88f12f024"

[[package]]
name = "windows_x86_64_gnu"
version = "0.36.1"
source = "registry+https://github.com/rust-lang/crates.io-index"
checksum = "4dcd171b8776c41b97521e5da127a2d86ad280114807d0b2ab1e462bc764d9e1"

[[package]]
name = "windows_x86_64_msvc"
version = "0.36.1"
source = "registry+https://github.com/rust-lang/crates.io-index"
checksum = "c811ca4a8c853ef420abd8592ba53ddbbac90410fab6903b3e79972a631f7680"
