# This file is automatically @generated by Cargo.
# It is not intended for manual editing.
version = 3

[[package]]
name = "ahash"
version = "0.8.12"
source = "registry+https://github.com/rust-lang/crates.io-index"
checksum = "5a15f179cd60c4584b8a8c596927aadc462e27f2ca70c04e0071964a73ba7a75"
dependencies = [
 "cfg-if",
 "const-random",
 "getrandom 0.3.4",
 "once_cell",
 "version_check",
 "zerocopy",
]

[[package]]
name = "android_system_properties"
version = "0.1.5"
source = "registry+https://github.com/rust-lang/crates.io-index"
checksum = "819e7219dbd41043ac279b19830f2efc897156490d7fd6ea916720117ee66311"
dependencies = [
 "libc",
]

[[package]]
name = "arrow-array"
version = "37.0.0"
source = "registry+https://github.com/rust-lang/crates.io-index"
checksum = "3190f208ee7aa0f3596fa0098d42911dec5e123ca88c002a08b24877ad14c71e"
dependencies = [
 "ahash",
 "arrow-buffer 37.0.0",
 "arrow-data 37.0.0",
 "arrow-schema 37.0.0",
 "chrono",
 "half",
 "hashbrown 0.13.2",
 "num",
]

[[package]]
name = "arrow-array"
version = "38.0.0"
source = "registry+https://github.com/rust-lang/crates.io-index"
checksum = "104a04520692cc674e6afd7682f213ca41f9b13ff1873f63a5a2857a590b87b3"
dependencies = [
 "ahash",
 "arrow-buffer 38.0.0",
 "arrow-data 38.0.0",
 "arrow-schema 38.0.0",
 "chrono",
 "half",
 "hashbrown 0.13.2",
 "num",
]

[[package]]
name = "arrow-array"
version = "39.0.0"
source = "registry+https://github.com/rust-lang/crates.io-index"
checksum = "e7a27466d897d99654357a6d95dc0a26931d9e4306e60c14fc31a894edb86579"
dependencies = [
 "ahash",
 "arrow-buffer 39.0.0",
 "arrow-data 39.0.0",
 "arrow-schema 39.0.0",
 "chrono",
 "half",
 "hashbrown 0.13.2",
 "num",
]

[[package]]
name = "arrow-array"
version = "40.0.0"
source = "registry+https://github.com/rust-lang/crates.io-index"
checksum = "3267847f53d3042473cfd2c769afd8d74a6d7d201fc3a34f5cb84c0282ef47a7"
dependencies = [
 "ahash",
 "arrow-buffer 40.0.0",
 "arrow-data 40.0.0",
 "arrow-schema 40.0.0",
 "chrono",
 "half",
 "hashbrown 0.13.2",
 "num",
]

[[package]]
name = "arrow-array"
version = "41.0.0"
source = "registry+https://github.com/rust-lang/crates.io-index"
checksum = "6049e031521c4e7789b7530ea5991112c0a375430094191f3b74bdf37517c9a9"
dependencies = [
 "ahash",
 "arrow-buffer 41.0.0",
 "arrow-data 41.0.0",
 "arrow-schema 41.0.0",
 "chrono",
 "half",
 "hashbrown 0.13.2",
 "num",
]

[[package]]
name = "arrow-array"
version = "42.0.0"
source = "registry+https://github.com/rust-lang/crates.io-index"
checksum = "ea9a0fd21121304cad96f307c938d861cb1e7f0c151b93047462cd9817d760fb"
dependencies = [
 "ahash",
 "arrow-buffer 42.0.0",
 "arrow-data 42.0.0",
 "arrow-schema 42.0.0",
 "chrono",
 "half",
 "hashbrown 0.14.5",
 "num",
]

[[package]]
name = "arrow-array"
version = "43.0.0"
source = "registry+https://github.com/rust-lang/crates.io-index"
checksum = "63d7ea725f7d1f8bb2cffc53ef538557e95fc802e217d5be25122d402e22f3d0"
dependencies = [
 "ahash",
 "arrow-buffer 43.0.0",
 "arrow-data 43.0.0",
 "arrow-schema 43.0.0",
 "chrono",
 "half",
 "hashbrown 0.14.5",
 "num",
]

[[package]]
name = "arrow-array"
version = "44.0.0"
source = "registry+https://github.com/rust-lang/crates.io-index"
checksum = "e09d42ecd482a864445ed95bf78fb159e37b4d879ca08405b247170fb331daf5"
dependencies = [
 "ahash",
 "arrow-buffer 44.0.0",
 "arrow-data 44.0.0",
 "arrow-schema 44.0.0",
 "chrono",
 "half",
 "hashbrown 0.14.5",
 "num",
 "num-complex",
]

[[package]]
name = "arrow-array"
version = "45.0.0"
source = "registry+https://github.com/rust-lang/crates.io-index"
checksum = "2a86d9c1473db72896bd2345ebb6b8ad75b8553ba390875c76708e8dc5c5492d"
dependencies = [
 "ahash",
 "arrow-buffer 45.0.0",
 "arrow-data 45.0.0",
 "arrow-schema 45.0.0",
 "chrono",
 "half",
 "hashbrown 0.14.5",
 "num",
]

[[package]]
name = "arrow-array"
version = "46.0.0"
source = "registry+https://github.com/rust-lang/crates.io-index"
checksum = "226fdc6c3a4ae154a74c24091d36a90b514f0ed7112f5b8322c1d8f354d8e20d"
dependencies = [
 "ahash",
 "arrow-buffer 46.0.0",
 "arrow-data 46.0.0",
 "arrow-schema 46.0.0",
 "chrono",
 "half",
 "hashbrown 0.14.5",
 "num",
]

[[package]]
name = "arrow-array"
version = "47.0.0"
source = "registry+https://github.com/rust-lang/crates.io-index"
checksum = "d02efa7253ede102d45a4e802a129e83bcc3f49884cab795b1ac223918e4318d"
dependencies = [
 "ahash",
 "arrow-buffer 47.0.0",
 "arrow-data 47.0.0",
 "arrow-schema 47.0.0",
 "chrono",
 "half",
 "hashbrown 0.14.5",
 "num",
]

[[package]]
name = "arrow-array"
version = "48.0.1"
source = "registry+https://github.com/rust-lang/crates.io-index"
checksum = "d6eaf89041fa5937940ae390294ece29e1db584f46d995608d6e5fe65a2e0e9b"
dependencies = [
 "ahash",
 "arrow-buffer 48.0.1",
 "arrow-data 48.0.1",
 "arrow-schema 48.0.1",
 "chrono",
 "half",
 "hashbrown 0.14.5",
 "num",
]

[[package]]
name = "arrow-array"
version = "49.0.0"
source = "registry+https://github.com/rust-lang/crates.io-index"
checksum = "6bda9acea48b25123c08340f3a8ac361aa0f74469bb36f5ee9acf923fce23e9d"
dependencies = [
 "ahash",
 "arrow-buffer 49.0.0",
 "arrow-data 49.0.0",
 "arrow-schema 49.0.0",
 "chrono",
 "half",
 "hashbrown 0.14.5",
 "num",
]

[[package]]
name = "arrow-array"
version = "50.0.0"
source = "registry+https://github.com/rust-lang/crates.io-index"
checksum = "d390feeb7f21b78ec997a4081a025baef1e2e0d6069e181939b61864c9779609"
dependencies = [
 "ahash",
 "arrow-buffer 50.0.0",
 "arrow-data 50.0.0",
 "arrow-schema 50.0.0",
 "chrono",
 "half",
 "hashbrown 0.14.5",
 "num",
]

[[package]]
name = "arrow-array"
version = "51.0.0"
source = "registry+https://github.com/rust-lang/crates.io-index"
checksum = "8010572cf8c745e242d1b632bd97bd6d4f40fefed5ed1290a8f433abaa686fea"
dependencies = [
 "ahash",
 "arrow-buffer 51.0.0",
 "arrow-data 51.0.0",
 "arrow-schema 51.0.0",
 "chrono",
 "half",
 "hashbrown 0.14.5",
 "num",
]

[[package]]
name = "arrow-array"
version = "52.2.0"
source = "registry+https://github.com/rust-lang/crates.io-index"
checksum = "16f4a9468c882dc66862cef4e1fd8423d47e67972377d85d80e022786427768c"
dependencies = [
 "ahash",
 "arrow-buffer 52.2.0",
 "arrow-data 52.2.0",
 "arrow-schema 52.2.0",
 "chrono",
 "half",
 "hashbrown 0.14.5",
 "num",
]

[[package]]
name = "arrow-array"
version = "53.4.0"
source = "registry+https://github.com/rust-lang/crates.io-index"
checksum = "2d45fe6d3faed0435b7313e59a02583b14c6c6339fa7729e94c32a20af319a79"
dependencies = [
 "ahash",
 "arrow-buffer 53.4.1",
 "arrow-data 53.4.1",
 "arrow-schema 53.4.1",
 "chrono",
 "half",
 "hashbrown 0.15.5",
 "num",
]

[[package]]
name = "arrow-array"
version = "54.3.1"
source = "registry+https://github.com/rust-lang/crates.io-index"
checksum = "a12fcdb3f1d03f69d3ec26ac67645a8fe3f878d77b5ebb0b15d64a116c212985"
dependencies = [
 "ahash",
 "arrow-buffer 54.3.1",
 "arrow-data 54.3.1",
 "arrow-schema 54.3.1",
 "chrono",
 "half",
 "hashbrown 0.15.5",
 "num",
]

[[package]]
name = "arrow-array"
version = "55.2.0"
source = "registry+https://github.com/rust-lang/crates.io-index"
checksum = "70732f04d285d49054a48b72c54f791bb3424abae92d27aafdf776c98af161c8"
dependencies = [
 "ahash",
 "arrow-buffer 55.2.0",
 "arrow-data 55.2.0",
 "arrow-schema 55.2.0",
 "chrono",
 "half",
 "hashbrown 0.15.5",
 "num",
]

[[package]]
name = "arrow-array"
version = "56.2.1"
source = "registry+https://github.com/rust-lang/crates.io-index"
checksum = "b02ccba2e977a3aabb4384036109ca32f552399a2bc0588f925f91ed073ce70c"
dependencies = [
 "ahash",
 "arrow-buffer 56.2.1",
 "arrow-data 56.2.1",
 "arrow-schema 56.2.1",
 "chrono",
 "half",
 "hashbrown 0.16.1",
 "num",
]

[[package]]
name = "arrow-array"
version = "57.3.1"
source = "registry+https://github.com/rust-lang/crates.io-index"
checksum = "c8a4ab47b3f3eac60f7fd31b81e9028fda018607bcc63451aca4f2b755269862"
dependencies = [
 "ahash",
 "arrow-buffer 57.3.1",
 "arrow-data 57.3.1",
 "arrow-schema 57.3.1",
 "chrono",
 "half",
 "hashbrown 0.16.1",
 "num-complex",
 "num-integer",
 "num-traits",
]

[[package]]
name = "arrow-array"
version = "58.3.0"
source = "registry+https://github.com/rust-lang/crates.io-index"
checksum = "cfd33d3e92f207444098c75b42de99d329562be0cf686b307b097cc52b4e999e"
dependencies = [
 "ahash",
 "arrow-buffer 58.3.0",
 "arrow-data 58.3.0",
 "arrow-schema 58.3.0",
 "chrono",
 "half",
 "hashbrown 0.17.1",
 "num-complex",
 "num-integer",
 "num-traits",
]

[[package]]
name = "arrow-array"
version = "59.0.0"
source = "registry+https://github.com/rust-lang/crates.io-index"
checksum = "0c60c79628e9a97cb90d7a0dc3e944f216a902f837d4ecabc14d524bddbbc137"
dependencies = [
 "ahash",
 "arrow-buffer 59.0.0",
 "arrow-data 59.0.0",
 "arrow-schema 59.0.0",
 "chrono",
 "half",
 "hashbrown 0.17.1",
 "num-complex",
 "num-integer",
 "num-traits",
]

[[package]]
name = "arrow-buffer"
version = "37.0.0"
source = "registry+https://github.com/rust-lang/crates.io-index"
checksum = "5d33c733c5b6c44a0fc526f29c09546e04eb56772a7a21e48e602f368be381f6"
dependencies = [
 "half",
 "num",
]

[[package]]
name = "arrow-buffer"
version = "38.0.0"
source = "registry+https://github.com/rust-lang/crates.io-index"
checksum = "72c875bcb9530ec403998fb0b2dc6d180a7c64563ca4bc22b90eafb84b113143"
dependencies = [
 "half",
 "num",
]

[[package]]
name = "arrow-buffer"
version = "39.0.0"
source = "registry+https://github.com/rust-lang/crates.io-index"
checksum = "9405b78106a9d767c7b97c78a70ee1b23ee51a74f5188a821a716d9a85d1af2b"
dependencies = [
 "half",
 "num",
]

[[package]]
name = "arrow-buffer"
version = "40.0.0"
source = "registry+https://github.com/rust-lang/crates.io-index"
checksum = "c5f66553e66e120ac4b21570368ee9ebf35ff3f5399f872b0667699e145678f5"
dependencies = [
 "half",
 "num",
]

[[package]]
name = "arrow-buffer"
version = "41.0.0"
source = "registry+https://github.com/rust-lang/crates.io-index"
checksum = "a83450b94b9fe018b65ba268415aaab78757636f68b7f37b6bc1f2a3888af0a0"
dependencies = [
 "half",
 "num",
]

[[package]]
name = "arrow-buffer"
version = "42.0.0"
source = "registry+https://github.com/rust-lang/crates.io-index"
checksum = "30ce342ecf5971004e23cef8b5fb3bacd2bbc48a381464144925074e1472e9eb"
dependencies = [
 "half",
 "num",
]

[[package]]
name = "arrow-buffer"
version = "43.0.0"
source = "registry+https://github.com/rust-lang/crates.io-index"
checksum = "bdbe439e077f484e5000b9e1d47b5e4c0d15f2b311a8f5bcc682553d5d67a722"
dependencies = [
 "half",
 "num",
]

[[package]]
name = "arrow-buffer"
version = "44.0.0"
source = "registry+https://github.com/rust-lang/crates.io-index"
checksum = "fe5044e672568feeb9e134a96781c8fdee3bce58df889f463517880d4992f751"
dependencies = [
 "half",
 "num",
]

[[package]]
name = "arrow-buffer"
version = "45.0.0"
source = "registry+https://github.com/rust-lang/crates.io-index"
checksum = "234b3b1c8ed00c874bf95972030ac4def6f58e02ea5a7884314388307fb3669b"
dependencies = [
 "half",
 "num",
]

[[package]]
name = "arrow-buffer"
version = "46.0.0"
source = "registry+https://github.com/rust-lang/crates.io-index"
checksum = "fc4843af4dd679c2f35b69c572874da8fde33be53eb549a5fb128e7a4b763510"
dependencies = [
 "bytes",
 "half",
 "num",
]

[[package]]
name = "arrow-buffer"
version = "47.0.0"
source = "registry+https://github.com/rust-lang/crates.io-index"
checksum = "fda119225204141138cb0541c692fbfef0e875ba01bfdeaed09e9d354f9d6195"
dependencies = [
 "bytes",
 "half",
 "num",
]

[[package]]
name = "arrow-buffer"
version = "48.0.1"
source = "registry+https://github.com/rust-lang/crates.io-index"
checksum = "55512d988c6fbd76e514fd3ff537ac50b0a675da5a245e4fdad77ecfd654205f"
dependencies = [
 "bytes",
 "half",
 "num",
]

[[package]]
name = "arrow-buffer"
version = "49.0.0"
source = "registry+https://github.com/rust-lang/crates.io-index"
checksum = "01a0fc21915b00fc6c2667b069c1b64bdd920982f426079bc4a7cab86822886c"
dependencies = [
 "bytes",
 "half",
 "num",
]

[[package]]
name = "arrow-buffer"
version = "50.0.0"
source = "registry+https://github.com/rust-lang/crates.io-index"
checksum = "69615b061701bcdffbc62756bc7e85c827d5290b472b580c972ebbbf690f5aa4"
dependencies = [
 "bytes",
 "half",
 "num",
]

[[package]]
name = "arrow-buffer"
version = "51.0.0"
source = "registry+https://github.com/rust-lang/crates.io-index"
checksum = "0d0a2432f0cba5692bf4cb757469c66791394bac9ec7ce63c1afe74744c37b27"
dependencies = [
 "bytes",
 "half",
 "num",
]

[[package]]
name = "arrow-buffer"
version = "52.2.0"
source = "registry+https://github.com/rust-lang/crates.io-index"
checksum = "c975484888fc95ec4a632cdc98be39c085b1bb518531b0c80c5d462063e5daa1"
dependencies = [
 "bytes",
 "half",
 "num",
]

[[package]]
name = "arrow-buffer"
version = "53.4.1"
source = "registry+https://github.com/rust-lang/crates.io-index"
checksum = "5b5c681a99606f3316f2a99d9c8b6fa3aad0b1d34d8f6d7a1b471893940219d8"
dependencies = [
 "bytes",
 "half",
 "num",
]

[[package]]
name = "arrow-buffer"
version = "54.3.1"
source = "registry+https://github.com/rust-lang/crates.io-index"
checksum = "263f4801ff1839ef53ebd06f99a56cecd1dbaf314ec893d93168e2e860e0291c"
dependencies = [
 "bytes",
 "half",
 "num",
]

[[package]]
name = "arrow-buffer"
version = "55.2.0"
source = "registry+https://github.com/rust-lang/crates.io-index"
checksum = "169b1d5d6cb390dd92ce582b06b23815c7953e9dfaaea75556e89d890d19993d"
dependencies = [
 "bytes",
 "half",
 "num",
]

[[package]]
name = "arrow-buffer"
version = "56.2.1"
source = "registry+https://github.com/rust-lang/crates.io-index"
checksum = "a90f8bece6a9ee316a699fbbfde368a206676a1206ce89b50f07937648e76c3c"
dependencies = [
 "bytes",
 "half",
 "num",
]

[[package]]
name = "arrow-buffer"
version = "57.3.1"
source = "registry+https://github.com/rust-lang/crates.io-index"
checksum = "0d18b89b4c4f4811d0858175e79541fe98e33e18db3b011708bc287b1240593f"
dependencies = [
 "bytes",
 "half",
 "num-bigint",
 "num-traits",
]

[[package]]
name = "arrow-buffer"
version = "58.3.0"
source = "registry+https://github.com/rust-lang/crates.io-index"
checksum = "0c6cd424c2693bcdbc150d843dc9d4d137dd2de4782ce6df491ad11a3a0416c0"
dependencies = [
 "bytes",
 "half",
 "num-bigint",
 "num-traits",
]

[[package]]
name = "arrow-buffer"
version = "59.0.0"
source = "registry+https://github.com/rust-lang/crates.io-index"
checksum = "6026f638c400e9878c1b1cc05c3cfd46fbf381285916ab408678701c1df46c1a"
dependencies = [
 "bytes",
 "half",
 "num-bigint",
 "num-traits",
]

[[package]]
name = "arrow-data"
version = "37.0.0"
source = "registry+https://github.com/rust-lang/crates.io-index"
checksum = "b1c8361947aaa96d331da9df3f7a08bdd8ab805a449994c97f5c4d24c4b7e2cf"
dependencies = [
 "arrow-buffer 37.0.0",
 "arrow-schema 37.0.0",
 "half",
 "num",
]

[[package]]
name = "arrow-data"
version = "38.0.0"
source = "registry+https://github.com/rust-lang/crates.io-index"
checksum = "eb68113d6ecdbe8bba48b2c4042c151bf9e1c61244e45072a50250a6fc59bafe"
dependencies = [
 "arrow-buffer 38.0.0",
 "arrow-schema 38.0.0",
 "half",
 "num",
]

[[package]]
name = "arrow-data"
version = "39.0.0"
source = "registry+https://github.com/rust-lang/crates.io-index"
checksum = "c6f710d98964d2c069b8baf566130045e79e11baa105623f038a6c942f805681"
dependencies = [
 "arrow-buffer 39.0.0",
 "arrow-schema 39.0.0",
 "half",
 "num",
]

[[package]]
name = "arrow-data"
version = "40.0.0"
source = "registry+https://github.com/rust-lang/crates.io-index"
checksum = "61bc8df9912cca6642665fdf989d6fa0de2570f18a7f709bcf59d29de96d2097"
dependencies = [
 "arrow-buffer 40.0.0",
 "arrow-schema 40.0.0",
 "half",
 "num",
]

[[package]]
name = "arrow-data"
version = "41.0.0"
source = "registry+https://github.com/rust-lang/crates.io-index"
checksum = "4d48dcbed83d741d4af712af17f6d952972b8f6491b24ee2415243a7e37c6438"
dependencies = [
 "arrow-buffer 41.0.0",
 "arrow-schema 41.0.0",
 "half",
 "num",
]

[[package]]
name = "arrow-data"
version = "42.0.0"
source = "registry+https://github.com/rust-lang/crates.io-index"
checksum = "1d9a83dad6a53d6907765106d3bc61d6d9d313cfe1751701b3ef0948e7283dc2"
dependencies = [
 "arrow-buffer 42.0.0",
 "arrow-schema 42.0.0",
 "half",
 "num",
]

[[package]]
name = "arrow-data"
version = "43.0.0"
source = "registry+https://github.com/rust-lang/crates.io-index"
checksum = "d4f4f4a3c54614126a71ab91f6631c9743eb4643d6e9318b74191da9dc6e028b"
dependencies = [
 "arrow-buffer 43.0.0",
 "arrow-schema 43.0.0",
 "half",
 "num",
]

[[package]]
name = "arrow-data"
version = "44.0.0"
source = "registry+https://github.com/rust-lang/crates.io-index"
checksum = "425a65a08947ed20b54e66749e9a56ed5a1cb1366c001329470dff365dd8411a"
dependencies = [
 "arrow-buffer 44.0.0",
 "arrow-schema 44.0.0",
 "half",
 "num",
]

[[package]]
name = "arrow-data"
version = "45.0.0"
source = "registry+https://github.com/rust-lang/crates.io-index"
checksum = "c6b6852635e7c43e5b242841c7470606ff0ee70eef323004cacc3ecedd33dd8f"
dependencies = [
 "arrow-buffer 45.0.0",
 "arrow-schema 45.0.0",
 "half",
 "num",
]

[[package]]
name = "arrow-data"
version = "46.0.0"
source = "registry+https://github.com/rust-lang/crates.io-index"
checksum = "da900f31ff01a0a84da0572209be72b2b6f980f3ea58803635de47913191c188"
dependencies = [
 "arrow-buffer 46.0.0",
 "arrow-schema 46.0.0",
 "half",
 "num",
]

[[package]]
name = "arrow-data"
version = "47.0.0"
source = "registry+https://github.com/rust-lang/crates.io-index"
checksum = "475a4c3699c8b4095ca61cecf15da6f67841847a5f5aac983ccb9a377d02f73a"
dependencies = [
 "arrow-buffer 47.0.0",
 "arrow-schema 47.0.0",
 "half",
 "num",
]

[[package]]
name = "arrow-data"
version = "48.0.1"
source = "registry+https://github.com/rust-lang/crates.io-index"
checksum = "6dc2b9fec74763427e2e5575b8cc31ce96ba4c9b4eb05ce40e0616d9fad12461"
dependencies = [
 "arrow-buffer 48.0.1",
 "arrow-schema 48.0.1",
 "half",
 "num",
]

[[package]]
name = "arrow-data"
version = "49.0.0"
source = "registry+https://github.com/rust-lang/crates.io-index"
checksum = "907fafe280a3874474678c1858b9ca4cb7fd83fb8034ff5b6d6376205a08c634"
dependencies = [
 "arrow-buffer 49.0.0",
 "arrow-schema 49.0.0",
 "half",
 "num",
]

[[package]]
name = "arrow-data"
version = "50.0.0"
source = "registry+https://github.com/rust-lang/crates.io-index"
checksum = "67d644b91a162f3ad3135ce1184d0a31c28b816a581e08f29e8e9277a574c64e"
dependencies = [
 "arrow-buffer 50.0.0",
 "arrow-schema 50.0.0",
 "half",
 "num",
]

[[package]]
name = "arrow-data"
version = "51.0.0"
source = "registry+https://github.com/rust-lang/crates.io-index"
checksum = "2742ac1f6650696ab08c88f6dd3f0eb68ce10f8c253958a18c943a68cd04aec5"
dependencies = [
 "arrow-buffer 51.0.0",
 "arrow-schema 51.0.0",
 "half",
 "num",
]

[[package]]
name = "arrow-data"
version = "52.2.0"
source = "registry+https://github.com/rust-lang/crates.io-index"
checksum = "dd9d6f18c65ef7a2573ab498c374d8ae364b4a4edf67105357491c031f716ca5"
dependencies = [
 "arrow-buffer 52.2.0",
 "arrow-schema 52.2.0",
 "half",
 "num",
]

[[package]]
name = "arrow-data"
version = "53.4.1"
source = "registry+https://github.com/rust-lang/crates.io-index"
checksum = "cd962fc3bf7f60705b25bcaa8eb3318b2545aa1d528656525ebdd6a17a6cd6fb"
dependencies = [
 "arrow-buffer 53.4.1",
 "arrow-schema 53.4.1",
 "half",
 "num",
]

[[package]]
name = "arrow-data"
version = "54.3.1"
source = "registry+https://github.com/rust-lang/crates.io-index"
checksum = "61cfdd7d99b4ff618f167e548b2411e5dd2c98c0ddebedd7df433d34c20a4429"
dependencies = [
 "arrow-buffer 54.3.1",
 "arrow-schema 54.3.1",
 "half",
 "num",
]

[[package]]
name = "arrow-data"
version = "55.2.0"
source = "registry+https://github.com/rust-lang/crates.io-index"
checksum = "8de1ce212d803199684b658fc4ba55fb2d7e87b213de5af415308d2fee3619c2"
dependencies = [
 "arrow-buffer 55.2.0",
 "arrow-schema 55.2.0",
 "half",
 "num",
]

[[package]]
name = "arrow-data"
version = "56.2.1"
source = "registry+https://github.com/rust-lang/crates.io-index"
checksum = "78468c813909465dd0f858950c8a0614eb63608134acf95c602ec21381258b28"
dependencies = [
 "arrow-buffer 56.2.1",
 "arrow-schema 56.2.1",
 "half",
 "num",
]

[[package]]
name = "arrow-data"
version = "57.3.1"
source = "registry+https://github.com/rust-lang/crates.io-index"
checksum = "c1683705c63dcf0d18972759eda48489028cbbff67af7d6bef2c6b7b74ab778a"
dependencies = [
 "arrow-buffer 57.3.1",
 "arrow-schema 57.3.1",
 "half",
 "num-integer",
 "num-traits",
]

[[package]]
name = "arrow-data"
version = "58.3.0"
source = "registry+https://github.com/rust-lang/crates.io-index"
checksum = "3c88210023a2bfee1896af366309a3028fc3bcbd6515fa29a7990ee1baa08ee0"
dependencies = [
 "arrow-buffer 58.3.0",
 "arrow-schema 58.3.0",
 "half",
 "num-integer",
 "num-traits",
]

[[package]]
name = "arrow-data"
version = "59.0.0"
source = "registry+https://github.com/rust-lang/crates.io-index"
checksum = "7bd568aa70c4ec5947027b0d5caee94877433b661a0bb9e8ddceeeb5f0c9b1ab"
dependencies = [
 "arrow-buffer 59.0.0",
 "arrow-schema 59.0.0",
 "half",
 "num-integer",
 "num-traits",
]

[[package]]
name = "arrow-schema"
version = "37.0.0"
source = "registry+https://github.com/rust-lang/crates.io-index"
checksum = "a16b88a93ac8350f0200b1cd336a1f887315925b8dd7aa145a37b8bdbd8497a4"
dependencies = [
 "serde",
]

[[package]]
name = "arrow-schema"
version = "38.0.0"
source = "registry+https://github.com/rust-lang/crates.io-index"
checksum = "bc85923d8d6662cc66ac6602c7d1876872e671002d60993dfdf492a6badeae92"
dependencies = [
 "serde",
]

[[package]]
name = "arrow-schema"
version = "39.0.0"
source = "registry+https://github.com/rust-lang/crates.io-index"
checksum = "18c41d058b2895a12f46dfafc306ee3529ad9660406be0ab8a7967d5e27c417e"
dependencies = [
 "serde",
]

[[package]]
name = "arrow-schema"
version = "40.0.0"
source = "registry+https://github.com/rust-lang/crates.io-index"
checksum = "25187bbef474151a2e4ddec67b9e34bda5cbfba292dc571392fa3a1f71ff5a82"
dependencies = [
 "serde",
]

[[package]]
name = "arrow-schema"
version = "41.0.0"
source = "registry+https://github.com/rust-lang/crates.io-index"
checksum = "2b71d8d68d0bc2e648e4e395896dc518be8b90c5f0f763c59083187c3d46184b"
dependencies = [
 "serde",
]

[[package]]
name = "arrow-schema"
version = "42.0.0"
source = "registry+https://github.com/rust-lang/crates.io-index"
checksum = "ba9ed245bd2d7d97ad1457cb281d4296e8b593588758b8fec6d67b2b2b0f2265"
dependencies = [
 "serde",
]

[[package]]
name = "arrow-schema"
version = "43.0.0"
source = "registry+https://github.com/rust-lang/crates.io-index"
checksum = "2bebcb57eef570b15afbcf2d07d813eb476fde9f6dd69c81004d6476c197e87e"
dependencies = [
 "serde",
]

[[package]]
name = "arrow-schema"
version = "44.0.0"
source = "registry+https://github.com/rust-lang/crates.io-index"
checksum = "dceed0efbaf304aaa296169c9eedde4e0ec90e0dc2010a88ea79ea6d86046ae9"
dependencies = [
 "serde",
]

[[package]]
name = "arrow-schema"
version = "45.0.0"
source = "registry+https://github.com/rust-lang/crates.io-index"
checksum = "54df8c47918eb634c20e29286e69494fdc20cafa5173eb6dad49c7f6acece733"
dependencies = [
 "serde",
]

[[package]]
name = "arrow-schema"
version = "46.0.0"
source = "registry+https://github.com/rust-lang/crates.io-index"
checksum = "b104f5daa730f00fde22adc03a12aa5a2ae9ccbbf99cbd53d284119ddc90e03d"
dependencies = [
 "serde",
]

[[package]]
name = "arrow-schema"
version = "47.0.0"
source = "registry+https://github.com/rust-lang/crates.io-index"
checksum = "5d1d179c117b158853e0101bfbed5615e86fe97ee356b4af901f1c5001e1ce4b"
dependencies = [
 "serde",
]

[[package]]
name = "arrow-schema"
version = "48.0.1"
source = "registry+https://github.com/rust-lang/crates.io-index"
checksum = "aaf4d737bba93da59f16129bec21e087aed0be84ff840e74146d4703879436cb"
dependencies = [
 "serde",
]

[[package]]
name = "arrow-schema"
version = "49.0.0"
source = "registry+https://github.com/rust-lang/crates.io-index"
checksum = "09e28a5e781bf1b0f981333684ad13f5901f4cd2f20589eab7cf1797da8fc167"
dependencies = [
 "serde",
]

[[package]]
name = "arrow-schema"
version = "50.0.0"
source = "registry+https://github.com/rust-lang/crates.io-index"
checksum = "0ff3e9c01f7cd169379d269f926892d0e622a704960350d09d331be3ec9e0029"
dependencies = [
 "serde",
]

[[package]]
name = "arrow-schema"
version = "51.0.0"
source = "registry+https://github.com/rust-lang/crates.io-index"
checksum = "02d9483aaabe910c4781153ae1b6ae0393f72d9ef757d38d09d450070cf2e528"
dependencies = [
 "serde",
]

[[package]]
name = "arrow-schema"
version = "52.2.0"
source = "registry+https://github.com/rust-lang/crates.io-index"
checksum = "9e972cd1ff4a4ccd22f86d3e53e835c2ed92e0eea6a3e8eadb72b4f1ac802cf8"
dependencies = [
 "serde",
]

[[package]]
name = "arrow-schema"
version = "53.4.1"
source = "registry+https://github.com/rust-lang/crates.io-index"
checksum = "35b0f9c0c3582dd55db0f136d3b44bfa0189df07adcf7dc7f2f2e74db0f52eb8"
dependencies = [
 "serde",
]

[[package]]
name = "arrow-schema"
version = "54.3.1"
source = "registry+https://github.com/rust-lang/crates.io-index"
checksum = "39cfaf5e440be44db5413b75b72c2a87c1f8f0627117d110264048f2969b99e9"
dependencies = [
 "serde",
]

[[package]]
name = "arrow-schema"
version = "55.2.0"
source = "registry+https://github.com/rust-lang/crates.io-index"
checksum = "af7686986a3bf2254c9fb130c623cdcb2f8e1f15763e7c71c310f0834da3d292"
dependencies = [
 "serde",
]

[[package]]
name = "arrow-schema"
version = "56.2.1"
source = "registry+https://github.com/rust-lang/crates.io-index"
checksum = "5a0d5eb3fe25337ff83e8333a08379bdd1540b0961b1c888f6e505d971c198e1"
dependencies = [
 "serde",
]

[[package]]
name = "arrow-schema"
version = "57.3.1"
source = "registry+https://github.com/rust-lang/crates.io-index"
checksum = "e4cf0d4a6609679e03002167a61074a21d7b1ad9ea65e462b2c0a97f8a3b2bc6"
dependencies = [
 "serde",
 "serde_core",
]

[[package]]
name = "arrow-schema"
version = "58.3.0"
source = "registry+https://github.com/rust-lang/crates.io-index"
checksum = "f633dbfdf39c039ada1bf9e34c694816eb71fbb7dc78f613993b7245e078a1ed"
dependencies = [
 "serde",
 "serde_core",
]

[[package]]
name = "arrow-schema"
version = "59.0.0"
source = "registry+https://github.com/rust-lang/crates.io-index"
checksum = "80b3e786a0dd9103acd583a6fb486dbf2f3268466cc0bd571dcf34cef231c1f1"
dependencies = [
 "serde",
 "serde_core",
]

[[package]]
name = "arrow2"
version = "0.16.0"
source = "registry+https://github.com/rust-lang/crates.io-index"
checksum = "7a4c5b03335bc1cb0fd9f5297f8fd3bbfd6fb04f3cb0bc7d6c91b7128cb8336a"
dependencies = [
 "ahash",
 "bytemuck",
 "chrono",
 "dyn-clone",
 "either",
 "ethnum",
 "foreign_vec",
 "getrandom 0.2.17",
 "hash_hasher",
 "num-traits",
 "rustc_version",
 "simdutf8",
]

[[package]]
name = "arrow2"
version = "0.17.4"
source = "registry+https://github.com/rust-lang/crates.io-index"
checksum = "59c468daea140b747d781a1da9f7db5f0a8e6636d4af20cc539e43d05b0604fa"
dependencies = [
 "ahash",
 "bytemuck",
 "chrono",
 "dyn-clone",
 "either",
 "ethnum",
 "foreign_vec",
 "getrandom 0.2.17",
 "hash_hasher",
 "num-traits",
 "rustc_version",
 "simdutf8",
]

[[package]]
name = "autocfg"
version = "1.5.1"
source = "registry+https://github.com/rust-lang/crates.io-index"
checksum = "f2032f911046de80f0a198e0901378627c33f59ea0ac00e363d481118bd70a53"

[[package]]
name = "bumpalo"
version = "3.20.3"
source = "registry+https://github.com/rust-lang/crates.io-index"
checksum = "72f5acc6cb2ba439de613abc23857ec3d78374d8ed5ac84e9d11336e87da8649"

[[package]]
name = "bytemuck"
version = "1.25.0"
source = "registry+https://github.com/rust-lang/crates.io-index"
checksum = "c8efb64bd706a16a1bdde310ae86b351e4d21550d98d056f22f8a7f7a2183fec"
dependencies = [
 "bytemuck_derive",
]

[[package]]
name = "bytemuck_derive"
version = "1.10.2"
source = "registry+https://github.com/rust-lang/crates.io-index"
checksum = "f9abbd1bc6865053c427f7198e6af43bfdedc55ab791faed4fbd361d789575ff"
dependencies = [
 "proc-macro2",
 "quote",
 "syn",
]

[[package]]
name = "bytes"
version = "1.11.1"
source = "registry+https://github.com/rust-lang/crates.io-index"
checksum = "1e748733b7cbc798e1434b6ac524f0c1ff2ab456fe201501e6497c8417a4fc33"

[[package]]
name = "cc"
version = "1.2.64"
source = "registry+https://github.com/rust-lang/crates.io-index"
checksum = "dad887fd958be91b5098c0248def011f4523ab786cd411be668777e55063501f"
dependencies = [
 "find-msvc-tools",
 "shlex",
]

[[package]]
name = "cfg-if"
version = "1.0.4"
source = "registry+https://github.com/rust-lang/crates.io-index"
checksum = "9330f8b2ff13f34540b44e946ef35111825727b38d33286ef986142615121801"

[[package]]
name = "chrono"
version = "0.4.45"
source = "registry+https://github.com/rust-lang/crates.io-index"
checksum = "1aa79e62e7697b8e29b513a68abacf485adcd1fe8284a4316c5ae868e6633327"
dependencies = [
 "iana-time-zone",
 "num-traits",
 "windows-link",
]

[[package]]
name = "const-random"
version = "0.1.18"
source = "registry+https://github.com/rust-lang/crates.io-index"
checksum = "87e00182fe74b066627d63b85fd550ac2998d4b0bd86bfed477a0ae4c7c71359"
dependencies = [
 "const-random-macro",
]

[[package]]
name = "const-random-macro"
version = "0.1.16"
source = "registry+https://github.com/rust-lang/crates.io-index"
checksum = "f9d839f2a20b0aee515dc581a6172f2321f96cab76c1a38a4c584a194955390e"
dependencies = [
 "getrandom 0.2.17",
 "once_cell",
 "tiny-keccak",
]

[[package]]
name = "core-foundation-sys"
version = "0.8.7"
source = "registry+https://github.com/rust-lang/crates.io-index"
checksum = "773648b94d0e5d620f64f280777445740e61fe701025087ec8b57f45c791888b"

[[package]]
name = "crunchy"
version = "0.2.4"
source = "registry+https://github.com/rust-lang/crates.io-index"
checksum = "460fbee9c2c2f33933d720630a6a0bac33ba7053db5344fac858d4b8952d77d5"

[[package]]
name = "dyn-clone"
version = "1.0.20"
source = "registry+https://github.com/rust-lang/crates.io-index"
checksum = "d0881ea181b1df73ff77ffaaf9c7544ecc11e82fba9b5f27b262a3c73a332555"

[[package]]
name = "either"
version = "1.16.0"
source = "registry+https://github.com/rust-lang/crates.io-index"
checksum = "91622ff5e7162018101f2fea40d6ebf4a78bbe5a49736a2020649edf9693679e"

[[package]]
name = "ethnum"
version = "1.5.3"
source = "registry+https://github.com/rust-lang/crates.io-index"
checksum = "40404c3f5f511ec4da6fe866ddf6a717c309fdbb69fbbad7b0f3edab8f2e835f"

[[package]]
name = "find-msvc-tools"
version = "0.1.9"
source = "registry+https://github.com/rust-lang/crates.io-index"
checksum = "5baebc0774151f905a1a2cc41989300b1e6fbb29aff0ceffa1064fdd3088d582"

[[package]]
name = "foreign_vec"
version = "0.1.0"
source = "registry+https://github.com/rust-lang/crates.io-index"
checksum = "ee1b05cbd864bcaecbd3455d6d967862d446e4ebfc3c2e5e5b9841e53cba6673"

[[package]]
name = "futures-core"
version = "0.3.32"
source = "registry+https://github.com/rust-lang/crates.io-index"
checksum = "7e3450815272ef58cec6d564423f6e755e25379b217b0bc688e295ba24df6b1d"

[[package]]
name = "futures-task"
version = "0.3.32"
source = "registry+https://github.com/rust-lang/crates.io-index"
checksum = "037711b3d59c33004d3856fbdc83b99d4ff37a24768fa1be9ce3538a1cde4393"

[[package]]
name = "futures-util"
version = "0.3.32"
source = "registry+https://github.com/rust-lang/crates.io-index"
checksum = "389ca41296e6190b48053de0321d02a77f32f8a5d2461dd38762c0593805c6d6"
dependencies = [
 "futures-core",
 "futures-task",
 "pin-project-lite",
 "slab",
]

[[package]]
name = "getrandom"
version = "0.2.17"
source = "registry+https://github.com/rust-lang/crates.io-index"
checksum = "ff2abc00be7fca6ebc474524697ae276ad847ad0a6b3faa4bcb027e9a4614ad0"
dependencies = [
 "cfg-if",
 "js-sys",
 "libc",
 "wasi",
 "wasm-bindgen",
]

[[package]]
name = "getrandom"
version = "0.3.4"
source = "registry+https://github.com/rust-lang/crates.io-index"
checksum = "899def5c37c4fd7b2664648c28120ecec138e4d395b459e5ca34f9cce2dd77fd"
dependencies = [
 "cfg-if",
 "libc",
 "r-efi",
 "wasip2",
]

[[package]]
name = "half"
version = "2.7.1"
source = "registry+https://github.com/rust-lang/crates.io-index"
checksum = "6ea2d84b969582b4b1864a92dc5d27cd2b77b622a8d79306834f1be5ba20d84b"
dependencies = [
 "bytemuck",
 "cfg-if",
 "crunchy",
 "num-traits",
 "zerocopy",
]

[[package]]
name = "hash_hasher"
version = "2.0.4"
source = "registry+https://github.com/rust-lang/crates.io-index"
checksum = "1b4b9ebce26001bad2e6366295f64e381c1e9c479109202149b9e15e154973e9"

[[package]]
name = "hashbrown"
version = "0.13.2"
source = "registry+https://github.com/rust-lang/crates.io-index"
checksum = "43a3c133739dddd0d2990f9a4bdf8eb4b21ef50e4851ca85ab661199821d510e"

[[package]]
name = "hashbrown"
version = "0.14.5"
source = "registry+https://github.com/rust-lang/crates.io-index"
checksum = "e5274423e17b7c9fc20b6e7e208532f9b19825d82dfd615708b70edd83df41f1"

[[package]]
name = "hashbrown"
version = "0.15.5"
source = "registry+https://github.com/rust-lang/crates.io-index"
checksum = "9229cfe53dfd69f0609a49f65461bd93001ea1ef889cd5529dd176593f5338a1"

[[package]]
name = "hashbrown"
version = "0.16.1"
source = "registry+https://github.com/rust-lang/crates.io-index"
checksum = "841d1cc9bed7f9236f321df977030373f4a4163ae1a7dbfe1a51a2c1a51d9100"

[[package]]
name = "hashbrown"
version = "0.17.1"
source = "registry+https://github.com/rust-lang/crates.io-index"
checksum = "ed5909b6e89a2db4456e54cd5f673791d7eca6732202bbf2a9cc504fe2f9b84a"

[[package]]
name = "iana-time-zone"
version = "0.1.65"
source = "registry+https://github.com/rust-lang/crates.io-index"
checksum = "e31bc9ad994ba00e440a8aa5c9ef0ec67d5cb5e5cb0cc7f8b744a35b389cc470"
dependencies = [
 "android_system_properties",
 "core-foundation-sys",
 "iana-time-zone-haiku",
 "js-sys",
 "log",
 "wasm-bindgen",
 "windows-core",
]

[[package]]
name = "iana-time-zone-haiku"
version = "0.1.2"
source = "registry+https://github.com/rust-lang/crates.io-index"
checksum = "f31827a206f56af32e590ba56d5d2d085f558508192593743f16b2306495269f"
dependencies = [
 "cc",
]

[[package]]
name = "itoa"
version = "1.0.18"
source = "registry+https://github.com/rust-lang/crates.io-index"
checksum = "8f42a60cbdf9a97f5d2305f08a87dc4e09308d1276d28c869c684d7777685682"

[[package]]
name = "js-sys"
version = "0.3.102"
source = "registry+https://github.com/rust-lang/crates.io-index"
checksum = "03d04c30968dffe80775bd4d7fb676131cd04a1fb46d2686dbffbaec2d9dfd31"
dependencies = [
 "cfg-if",
 "futures-util",
 "wasm-bindgen",
]

[[package]]
name = "libc"
version = "0.2.186"
source = "registry+https://github.com/rust-lang/crates.io-index"
checksum = "68ab91017fe16c622486840e4c83c9a37afeff978bd239b5293d61ece587de66"

[[package]]
name = "libm"
version = "0.2.16"
source = "registry+https://github.com/rust-lang/crates.io-index"
checksum = "b6d2cec3eae94f9f509c767b45932f1ada8350c4bdb85af2fcab4a3c14807981"

[[package]]
name = "log"
version = "0.4.32"
source = "registry+https://github.com/rust-lang/crates.io-index"
checksum = "953f07c43838f8e6f9758cab68bf5bed85465e7587ebe0b823f1bcd81978ad3a"

[[package]]
name = "marrow"
version = "0.2.6"
dependencies = [
 "arrow-array 37.0.0",
 "arrow-array 38.0.0",
 "arrow-array 39.0.0",
 "arrow-array 40.0.0",
 "arrow-array 41.0.0",
 "arrow-array 42.0.0",
 "arrow-array 43.0.0",
 "arrow-array 44.0.0",
 "arrow-array 45.0.0",
 "arrow-array 46.0.0",
 "arrow-array 47.0.0",
 "arrow-array 48.0.1",
 "arrow-array 49.0.0",
 "arrow-array 50.0.0",
 "arrow-array 51.0.0",
 "arrow-array 52.2.0",
 "arrow-array 53.4.0",
 "arrow-array 54.3.1",
 "arrow-array 55.2.0",
 "arrow-array 56.2.1",
 "arrow-array 57.3.1",
 "arrow-array 58.3.0",
 "arrow-array 59.0.0",
 "arrow-buffer 37.0.0",
 "arrow-buffer 38.0.0",
 "arrow-buffer 39.0.0",
 "arrow-buffer 40.0.0",
 "arrow-buffer 41.0.0",
 "arrow-buffer 42.0.0",
 "arrow-buffer 43.0.0",
 "arrow-buffer 44.0.0",
 "arrow-buffer 45.0.0",
 "arrow-buffer 46.0.0",
 "arrow-buffer 47.0.0",
 "arrow-buffer 48.0.1",
 "arrow-buffer 49.0.0",
 "arrow-buffer 50.0.0",
 "arrow-buffer 51.0.0",
 "arrow-buffer 52.2.0",
 "arrow-buffer 53.4.1",
 "arrow-buffer 54.3.1",
 "arrow-buffer 55.2.0",
 "arrow-buffer 56.2.1",
 "arrow-buffer 57.3.1",
 "arrow-buffer 58.3.0",
 "arrow-buffer 59.0.0",
 "arrow-data 37.0.0",
 "arrow-data 38.0.0",
 "arrow-data 39.0.0",
 "arrow-data 40.0.0",
 "arrow-data 41.0.0",
 "arrow-data 42.0.0",
 "arrow-data 43.0.0",
 "arrow-data 44.0.0",
 "arrow-data 45.0.0",
 "arrow-data 46.0.0",
 "arrow-data 47.0.0",
 "arrow-data 48.0.1",
 "arrow-data 49.0.0",
 "arrow-data 50.0.0",
 "arrow-data 51.0.0",
 "arrow-data 52.2.0",
 "arrow-data 53.4.1",
 "arrow-data 54.3.1",
 "arrow-data 55.2.0",
 "arrow-data 56.2.1",
 "arrow-data 57.3.1",
 "arrow-data 58.3.0",
 "arrow-data 59.0.0",
 "arrow-schema 37.0.0",
 "arrow-schema 38.0.0",
 "arrow-schema 39.0.0",
 "arrow-schema 40.0.0",
 "arrow-schema 41.0.0",
 "arrow-schema 42.0.0",
 "arrow-schema 43.0.0",
 "arrow-schema 44.0.0",
 "arrow-schema 45.0.0",
 "arrow-schema 46.0.0",
 "arrow-schema 47.0.0",
 "arrow-schema 48.0.1",
 "arrow-schema 49.0.0",
 "arrow-schema 50.0.0",
 "arrow-schema 51.0.0",
 "arrow-schema 52.2.0",
 "arrow-schema 53.4.1",
 "arrow-schema 54.3.1",
 "arrow-schema 55.2.0",
 "arrow-schema 56.2.1",
 "arrow-schema 57.3.1",
 "arrow-schema 58.3.0",
 "arrow-schema 59.0.0",
 "arrow2 0.16.0",
 "arrow2 0.17.4",
 "bytemuck",
 "half",
 "serde",
]

[[package]]
name = "memchr"
version = "2.8.2"
source = "registry+https://github.com/rust-lang/crates.io-index"
checksum = "88904434abc2901f197fe8cc55f0445e7ded921dba5911dad2e2b39b48e663c4"

[[package]]
name = "num"
version = "0.4.3"
source = "registry+https://github.com/rust-lang/crates.io-index"
checksum = "35bd024e8b2ff75562e5f34e7f4905839deb4b22955ef5e73d2fea1b9813cb23"
dependencies = [
 "num-bigint",
 "num-complex",
 "num-integer",
 "num-iter",
 "num-rational",
 "num-traits",
]

[[package]]
name = "num-bigint"
version = "0.4.6"
source = "registry+https://github.com/rust-lang/crates.io-index"
checksum = "a5e44f723f1133c9deac646763579fdb3ac745e418f2a7af9cd0c431da1f20b9"
dependencies = [
 "num-integer",
 "num-traits",
]

[[package]]
name = "num-complex"
version = "0.4.6"
source = "registry+https://github.com/rust-lang/crates.io-index"
checksum = "73f88a1307638156682bada9d7604135552957b7818057dcef22705b4d509495"
dependencies = [
 "num-traits",
]

[[package]]
name = "num-integer"
version = "0.1.46"
source = "registry+https://github.com/rust-lang/crates.io-index"
checksum = "7969661fd2958a5cb096e56c8e1ad0444ac2bbcd0061bd28660485a44879858f"
dependencies = [
 "num-traits",
]

[[package]]
name = "num-iter"
version = "0.1.45"
source = "registry+https://github.com/rust-lang/crates.io-index"
checksum = "1429034a0490724d0075ebb2bc9e875d6503c3cf69e235a8941aa757d83ef5bf"
dependencies = [
 "autocfg",
 "num-integer",
 "num-traits",
]

[[package]]
name = "num-rational"
version = "0.4.2"
source = "registry+https://github.com/rust-lang/crates.io-index"
checksum = "f83d14da390562dca69fc84082e73e548e1ad308d24accdedd2720017cb37824"
dependencies = [
 "num-bigint",
 "num-integer",
 "num-traits",
]

[[package]]
name = "num-traits"
version = "0.2.19"
source = "registry+https://github.com/rust-lang/crates.io-index"
checksum = "071dfc062690e90b734c0b2273ce72ad0ffa95f0c74596bc250dcfd960262841"
dependencies = [
 "autocfg",
 "libm",
]

[[package]]
name = "once_cell"
version = "1.21.4"
source = "registry+https://github.com/rust-lang/crates.io-index"
checksum = "9f7c3e4beb33f85d45ae3e3a1792185706c8e16d043238c593331cc7cd313b50"

[[package]]
name = "pin-project-lite"
version = "0.2.17"
source = "registry+https://github.com/rust-lang/crates.io-index"
checksum = "a89322df9ebe1c1578d689c92318e070967d1042b512afbe49518723f4e6d5cd"

[[package]]
name = "proc-macro2"
version = "1.0.106"
source = "registry+https://github.com/rust-lang/crates.io-index"
checksum = "8fd00f0bb2e90d81d1044c2b32617f68fcb9fa3bb7640c23e9c748e53fb30934"
dependencies = [
 "unicode-ident",
]

[[package]]
name = "quote"
version = "1.0.45"
source = "registry+https://github.com/rust-lang/crates.io-index"
checksum = "41f2619966050689382d2b44f664f4bc593e129785a36d6ee376ddf37259b924"
dependencies = [
 "proc-macro2",
]

[[package]]
name = "r-efi"
version = "5.3.0"
source = "registry+https://github.com/rust-lang/crates.io-index"
checksum = "69cdb34c158ceb288df11e18b4bd39de994f6657d83847bdffdbd7f346754b0f"

[[package]]
name = "rustc_version"
version = "0.4.1"
source = "registry+https://github.com/rust-lang/crates.io-index"
checksum = "cfcb3a22ef46e85b45de6ee7e79d063319ebb6594faafcf1c225ea92ab6e9b92"
dependencies = [
 "semver",
]

[[package]]
name = "rustversion"
version = "1.0.22"
source = "registry+https://github.com/rust-lang/crates.io-index"
checksum = "b39cdef0fa800fc44525c84ccb54a029961a8215f9619753635a9c0d2538d46d"

[[package]]
name = "semver"
version = "1.0.28"
source = "registry+https://github.com/rust-lang/crates.io-index"
checksum = "8a7852d02fc848982e0c167ef163aaff9cd91dc640ba85e263cb1ce46fae51cd"

[[package]]
name = "serde"
version = "1.0.228"
source = "registry+https://github.com/rust-lang/crates.io-index"
checksum = "9a8e94ea7f378bd32cbbd37198a4a91436180c5bb472411e48b5ec2e2124ae9e"
dependencies = [
 "serde_core",
 "serde_derive",
]

[[package]]
name = "serde_core"
version = "1.0.228"
source = "registry+https://github.com/rust-lang/crates.io-index"
checksum = "41d385c7d4ca58e59fc732af25c3983b67ac852c1a25000afe1175de458b67ad"
dependencies = [
 "serde_derive",
]

[[package]]
name = "serde_derive"
version = "1.0.228"
source = "registry+https://github.com/rust-lang/crates.io-index"
checksum = "d540f220d3187173da220f885ab66608367b6574e925011a9353e4badda91d79"
dependencies = [
 "proc-macro2",
 "quote",
 "syn",
]

[[package]]
name = "serde_json"
version = "1.0.150"
source = "registry+https://github.com/rust-lang/crates.io-index"
checksum = "e8014e44b4736ed0538adeecded0fce2a272f22dc9578a7eb6b2d9993c74cfb9"
dependencies = [
 "itoa",
 "memchr",
 "serde",
 "serde_core",
 "zmij",
]

[[package]]
name = "shlex"
version = "2.0.1"
source = "registry+https://github.com/rust-lang/crates.io-index"
checksum = "f8fadd59c855ef2080decdef8ff161eb6661b86933c9d82e5ba29dc602a55aba"

[[package]]
name = "simdutf8"
version = "0.1.5"
source = "registry+https://github.com/rust-lang/crates.io-index"
checksum = "e3a9fe34e3e7a50316060351f37187a3f546bce95496156754b601a5fa71b76e"

[[package]]
name = "slab"
version = "0.4.12"
source = "registry+https://github.com/rust-lang/crates.io-index"
checksum = "0c790de23124f9ab44544d7ac05d60440adc586479ce501c1d6d7da3cd8c9cf5"

[[package]]
name = "syn"
version = "2.0.117"
source = "registry+https://github.com/rust-lang/crates.io-index"
checksum = "e665b8803e7b1d2a727f4023456bbbbe74da67099c585258af0ad9c5013b9b99"
dependencies = [
 "proc-macro2",
 "quote",
 "unicode-ident",
]

[[package]]
name = "test_with_arrow"
version = "0.1.0"
dependencies = [
 "arrow-array 37.0.0",
 "arrow-array 38.0.0",
 "arrow-array 39.0.0",
 "arrow-array 40.0.0",
 "arrow-array 41.0.0",
 "arrow-array 42.0.0",
 "arrow-array 43.0.0",
 "arrow-array 44.0.0",
 "arrow-array 45.0.0",
 "arrow-array 46.0.0",
 "arrow-array 47.0.0",
 "arrow-array 48.0.1",
 "arrow-array 49.0.0",
 "arrow-array 50.0.0",
 "arrow-array 51.0.0",
 "arrow-array 52.2.0",
 "arrow-array 53.4.0",
 "arrow-array 54.3.1",
 "arrow-array 55.2.0",
 "arrow-array 56.2.1",
 "arrow-array 57.3.1",
 "arrow-array 58.3.0",
 "arrow-array 59.0.0",
 "arrow-schema 37.0.0",
 "arrow-schema 38.0.0",
 "arrow-schema 39.0.0",
 "arrow-schema 40.0.0",
 "arrow-schema 41.0.0",
 "arrow-schema 42.0.0",
 "arrow-schema 43.0.0",
 "arrow-schema 44.0.0",
 "arrow-schema 45.0.0",
 "arrow-schema 46.0.0",
 "arrow-schema 47.0.0",
 "arrow-schema 48.0.1",
 "arrow-schema 49.0.0",
 "arrow-schema 50.0.0",
 "arrow-schema 51.0.0",
 "arrow-schema 52.2.0",
 "arrow-schema 53.4.1",
 "arrow-schema 54.3.1",
 "arrow-schema 55.2.0",
 "arrow-schema 56.2.1",
 "arrow-schema 57.3.1",
 "arrow-schema 58.3.0",
 "arrow-schema 59.0.0",
 "chrono",
 "half",
 "marrow",
 "serde_json",
]

[[package]]
name = "tiny-keccak"
version = "2.0.2"
source = "registry+https://github.com/rust-lang/crates.io-index"
checksum = "2c9d3793400a45f954c52e73d068316d76b6f4e36977e3fcebb13a2721e80237"
dependencies = [
 "crunchy",
]

[[package]]
name = "unicode-ident"
version = "1.0.24"
source = "registry+https://github.com/rust-lang/crates.io-index"
checksum = "e6e4313cd5fcd3dad5cafa179702e2b244f760991f45397d14d4ebf38247da75"

[[package]]
name = "version_check"
version = "0.9.5"
source = "registry+https://github.com/rust-lang/crates.io-index"
checksum = "0b928f33d975fc6ad9f86c8f283853ad26bdd5b10b7f1542aa2fa15e2289105a"

[[package]]
name = "wasi"
version = "0.11.1+wasi-snapshot-preview1"
source = "registry+https://github.com/rust-lang/crates.io-index"
checksum = "ccf3ec651a847eb01de73ccad15eb7d99f80485de043efb2f370cd654f4ea44b"

[[package]]
name = "wasip2"
version = "1.0.4+wasi-0.2.12"
source = "registry+https://github.com/rust-lang/crates.io-index"
checksum = "b67efb37e106e55ce722a510d6b5f9c17f083e5fc79afc2badeb12cc313d9487"
dependencies = [
 "wit-bindgen",
]

[[package]]
name = "wasm-bindgen"
version = "0.2.125"
source = "registry+https://github.com/rust-lang/crates.io-index"
checksum = "8ddb3f79143bced6de84270411622a2699cee572fc0875aeaf1e7867cf9fca1a"
dependencies = [
 "cfg-if",
 "once_cell",
 "rustversion",
 "wasm-bindgen-macro",
 "wasm-bindgen-shared",
]

[[package]]
name = "wasm-bindgen-macro"
version = "0.2.125"
source = "registry+https://github.com/rust-lang/crates.io-index"
checksum = "4e21a184b13fb19e157296e2c46056aec9092264fab83e4ba59e68c61b323c3d"
dependencies = [
 "quote",
 "wasm-bindgen-macro-support",
]

[[package]]
name = "wasm-bindgen-macro-support"
version = "0.2.125"
source = "registry+https://github.com/rust-lang/crates.io-index"
checksum = "fecefd9c35bd935a20fc3fc344b5f29138961e4f47fb03297d88f2587afb5ebd"
dependencies = [
 "bumpalo",
 "proc-macro2",
 "quote",
 "syn",
 "wasm-bindgen-shared",
]

[[package]]
name = "wasm-bindgen-shared"
version = "0.2.125"
source = "registry+https://github.com/rust-lang/crates.io-index"
checksum = "23939e44bb9a5d7576fa2b563dc2e136628f1224e88a8deed09e04858b77871f"
dependencies = [
 "unicode-ident",
]

[[package]]
name = "windows-core"
version = "0.62.2"
source = "registry+https://github.com/rust-lang/crates.io-index"
checksum = "b8e83a14d34d0623b51dce9581199302a221863196a1dde71a7663a4c2be9deb"
dependencies = [
 "windows-implement",
 "windows-interface",
 "windows-link",
 "windows-result",
 "windows-strings",
]

[[package]]
name = "windows-implement"
version = "0.60.2"
source = "registry+https://github.com/rust-lang/crates.io-index"
checksum = "053e2e040ab57b9dc951b72c264860db7eb3b0200ba345b4e4c3b14f67855ddf"
dependencies = [
 "proc-macro2",
 "quote",
 "syn",
]

[[package]]
name = "windows-interface"
version = "0.59.3"
source = "registry+https://github.com/rust-lang/crates.io-index"
checksum = "3f316c4a2570ba26bbec722032c4099d8c8bc095efccdc15688708623367e358"
dependencies = [
 "proc-macro2",
 "quote",
 "syn",
]

[[package]]
name = "windows-link"
version = "0.2.1"
source = "registry+https://github.com/rust-lang/crates.io-index"
checksum = "f0805222e57f7521d6a62e36fa9163bc891acd422f971defe97d64e70d0a4fe5"

[[package]]
name = "windows-result"
version = "0.4.1"
source = "registry+https://github.com/rust-lang/crates.io-index"
checksum = "7781fa89eaf60850ac3d2da7af8e5242a5ea78d1a11c49bf2910bb5a73853eb5"
dependencies = [
 "windows-link",
]

[[package]]
name = "windows-strings"
version = "0.5.1"
source = "registry+https://github.com/rust-lang/crates.io-index"
checksum = "7837d08f69c77cf6b07689544538e017c1bfcf57e34b4c0ff58e6c2cd3b37091"
dependencies = [
 "windows-link",
]

[[package]]
name = "wit-bindgen"
version = "0.57.1"
source = "registry+https://github.com/rust-lang/crates.io-index"
checksum = "1ebf944e87a7c253233ad6766e082e3cd714b5d03812acc24c318f549614536e"

[[package]]
name = "zerocopy"
version = "0.8.52"
source = "registry+https://github.com/rust-lang/crates.io-index"
checksum = "ce1022995ff5ff5d841ad7d994facc23098cd40152f2c1d11cd607c6f530653f"
dependencies = [
 "zerocopy-derive",
]

[[package]]
name = "zerocopy-derive"
version = "0.8.52"
source = "registry+https://github.com/rust-lang/crates.io-index"
checksum = "1ae7f38b72ec2a254e2b87ef277cf2cd4fb97cbebf944faa6f33354da0867930"
dependencies = [
 "proc-macro2",
 "quote",
 "syn",
]

[[package]]
name = "zmij"
version = "1.0.21"
source = "registry+https://github.com/rust-lang/crates.io-index"
checksum = "b8848ee67ecc8aedbaf3e4122217aff892639231befc6a1b58d29fff4c2cabaa"
